
Microsoft Visual Studio Solution File, Format Version 11.00
# Visual Studio 2010
Project("{FAE04EC0-301F-11D3-BF4B-00C04F79EFBC}") = "SharpFont", "SharpFont\SharpFont.csproj", "{C293DB32-FA42-486D-B128-5A12522FAE4E}"
EndProject
Project("{FAE04EC0-301F-11D3-BF4B-00C04F79EFBC}") = "Examples", "Examples\Examples.csproj", "{81158C54-C830-4056-B5D6-AE9059741B20}"
EndProject
Global
	GlobalSection(SolutionConfigurationPlatforms) = preSolution
		Debug Light|Any CPU = Debug Light|Any CPU
		Debug Light|Mixed Platforms = Debug Light|Mixed Platforms
		Debug WIN64 Light|Any CPU = Debug WIN64 Light|Any CPU
		Debug WIN64 Light|Mixed Platforms = Debug WIN64 Light|Mixed Platforms
		Debug WIN64|Any CPU = Debug WIN64|Any CPU
		Debug WIN64|Mixed Platforms = Debug WIN64|Mixed Platforms
		Debug|Any CPU = Debug|Any CPU
		Debug|Mixed Platforms = Debug|Mixed Platforms
		Release Light|Any CPU = Release Light|Any CPU
		Release Light|Mixed Platforms = Release Light|Mixed Platforms
		Release WIN64 Light|Any CPU = Release WIN64 Light|Any CPU
		Release WIN64 Light|Mixed Platforms = Release WIN64 Light|Mixed Platforms
		Release WIN64|Any CPU = Release WIN64|Any CPU
		Release WIN64|Mixed Platforms = Release WIN64|Mixed Platforms
		Release|Any CPU = Release|Any CPU
		Release|Mixed Platforms = Release|Mixed Platforms
	EndGlobalSection
	GlobalSection(ProjectConfigurationPlatforms) = postSolution
		{C293DB32-FA42-486D-B128-5A12522FAE4E}.Debug Light|Any CPU.ActiveCfg = Debug Light|Any CPU
		{C293DB32-FA42-486D-B128-5A12522FAE4E}.Debug Light|Any CPU.Build.0 = Debug Light|Any CPU
		{C293DB32-FA42-486D-B128-5A12522FAE4E}.Debug Light|Mixed Platforms.ActiveCfg = Debug Light|Any CPU
		{C293DB32-FA42-486D-B128-5A12522FAE4E}.Debug Light|Mixed Platforms.Build.0 = Debug Light|Any CPU
		{C293DB32-FA42-486D-B128-5A12522FAE4E}.Debug WIN64 Light|Any CPU.ActiveCfg = Debug WIN64 Light|Any CPU
		{C293DB32-FA42-486D-B128-5A12522FAE4E}.Debug WIN64 Light|Any CPU.Build.0 = Debug WIN64 Light|Any CPU
		{C293DB32-FA42-486D-B128-5A12522FAE4E}.Debug WIN64 Light|Mixed Platforms.ActiveCfg = Debug WIN64 Light|Any CPU
		{C293DB32-FA42-486D-B128-5A12522FAE4E}.Debug WIN64 Light|Mixed Platforms.Build.0 = Debug WIN64 Light|Any CPU
		{C293DB32-FA42-486D-B128-5A12522FAE4E}.Debug WIN64|Any CPU.ActiveCfg = Debug WIN64|Any CPU
		{C293DB32-FA42-486D-B128-5A12522FAE4E}.Debug WIN64|Any CPU.Build.0 = Debug WIN64|Any CPU
		{C293DB32-FA42-486D-B128-5A12522FAE4E}.Debug WIN64|Mixed Platforms.ActiveCfg = Debug WIN64|Any CPU
		{C293DB32-FA42-486D-B128-5A12522FAE4E}.Debug WIN64|Mixed Platforms.Build.0 = Debug WIN64|Any CPU
		{C293DB32-FA42-486D-B128-5A12522FAE4E}.Debug|Any CPU.ActiveCfg = Debug|Any CPU
		{C293DB32-FA42-486D-B128-5A12522FAE4E}.Debug|Any CPU.Build.0 = Debug|Any CPU
		{C293DB32-FA42-486D-B128-5A12522FAE4E}.Debug|Mixed Platforms.ActiveCfg = Debug|Any CPU
		{C293DB32-FA42-486D-B128-5A12522FAE4E}.Debug|Mixed Platforms.Build.0 = Debug|Any CPU
		{C293DB32-FA42-486D-B128-5A12522FAE4E}.Release Light|Any CPU.ActiveCfg = Release Light|Any CPU
		{C293DB32-FA42-486D-B128-5A12522FAE4E}.Release Light|Any CPU.Build.0 = Release Light|Any CPU
		{C293DB32-FA42-486D-B128-5A12522FAE4E}.Release Light|Mixed Platforms.ActiveCfg = Release Light|Any CPU
		{C293DB32-FA42-486D-B128-5A12522FAE4E}.Release Light|Mixed Platforms.Build.0 = Release Light|Any CPU
		{C293DB32-FA42-486D-B128-5A12522FAE4E}.Release WIN64 Light|Any CPU.ActiveCfg = Release WIN64 Light|Any CPU
		{C293DB32-FA42-486D-B128-5A12522FAE4E}.Release WIN64 Light|Any CPU.Build.0 = Release WIN64 Light|Any CPU
		{C293DB32-FA42-486D-B128-5A12522FAE4E}.Release WIN64 Light|Mixed Platforms.ActiveCfg = Release WIN64 Light|Any CPU
		{C293DB32-FA42-486D-B128-5A12522FAE4E}.Release WIN64 Light|Mixed Platforms.Build.0 = Release WIN64 Light|Any CPU
		{C293DB32-FA42-486D-B128-5A12522FAE4E}.Release WIN64|Any CPU.ActiveCfg = Release WIN64|Any CPU
		{C293DB32-FA42-486D-B128-5A12522FAE4E}.Release WIN64|Any CPU.Build.0 = Release WIN64|Any CPU
		{C293DB32-FA42-486D-B128-5A12522FAE4E}.Release WIN64|Mixed Platforms.ActiveCfg = Release WIN64|Any CPU
		{C293DB32-FA42-486D-B128-5A12522FAE4E}.Release WIN64|Mixed Platforms.Build.0 = Release WIN64|Any CPU
		{C293DB32-FA42-486D-B128-5A12522FAE4E}.Release|Any CPU.ActiveCfg = Release|Any CPU
		{C293DB32-FA42-486D-B128-5A12522FAE4E}.Release|Any CPU.Build.0 = Release|Any CPU
		{C293DB32-FA42-486D-B128-5A12522FAE4E}.Release|Mixed Platforms.ActiveCfg = Release|Any CPU
		{C293DB32-FA42-486D-B128-5A12522FAE4E}.Release|Mixed Platforms.Build.0 = Release|Any CPU
		{81158C54-C830-4056-B5D6-AE9059741B20}.Debug Light|Any CPU.ActiveCfg = Debug Light|x86
		{81158C54-C830-4056-B5D6-AE9059741B20}.Debug Light|Any CPU.Build.0 = Debug Light|x86
		{81158C54-C830-4056-B5D6-AE9059741B20}.Debug Light|Mixed Platforms.ActiveCfg = Debug Light|x86
		{81158C54-C830-4056-B5D6-AE9059741B20}.Debug Light|Mixed Platforms.Build.0 = Debug Light|x86
		{81158C54-C830-4056-B5D6-AE9059741B20}.Debug WIN64 Light|Any CPU.ActiveCfg = Debug WIN64 Light|x86
		{81158C54-C830-4056-B5D6-AE9059741B20}.Debug WIN64 Light|Any CPU.Build.0 = Debug WIN64 Light|x86
		{81158C54-C830-4056-B5D6-AE9059741B20}.Debug WIN64 Light|Mixed Platforms.ActiveCfg = Debug WIN64 Light|x86
		{81158C54-C830-4056-B5D6-AE9059741B20}.Debug WIN64 Light|Mixed Platforms.Build.0 = Debug WIN64 Light|x86
		{81158C54-C830-4056-B5D6-AE9059741B20}.Debug WIN64|Any CPU.ActiveCfg = Debug|x86
		{81158C54-C830-4056-B5D6-AE9059741B20}.Debug WIN64|Any CPU.Build.0 = Debug|x86
		{81158C54-C830-4056-B5D6-AE9059741B20}.Debug WIN64|Mixed Platforms.ActiveCfg = Debug|x86
		{81158C54-C830-4056-B5D6-AE9059741B20}.Debug WIN64|Mixed Platforms.Build.0 = Debug|x86
		{81158C54-C830-4056-B5D6-AE9059741B20}.Debug|Any CPU.ActiveCfg = Debug|x86
		{81158C54-C830-4056-B5D6-AE9059741B20}.Debug|Any CPU.Build.0 = Debug|x86
		{81158C54-C830-4056-B5D6-AE9059741B20}.Debug|Mixed Platforms.ActiveCfg = Debug|x86
		{81158C54-C830-4056-B5D6-AE9059741B20}.Debug|Mixed Platforms.Build.0 = Debug|x86
		{81158C54-C830-4056-B5D6-AE9059741B20}.Release Light|Any CPU.ActiveCfg = Release Light|x86
		{81158C54-C830-4056-B5D6-AE9059741B20}.Release Light|Any CPU.Build.0 = Release Light|x86
		{81158C54-C830-4056-B5D6-AE9059741B20}.Release Light|Mixed Platforms.ActiveCfg = Release Light|x86
		{81158C54-C830-4056-B5D6-AE9059741B20}.Release Light|Mixed Platforms.Build.0 = Release Light|x86
		{81158C54-C830-4056-B5D6-AE9059741B20}.Release WIN64 Light|Any CPU.ActiveCfg = Release WIN64 Light|x86
		{81158C54-C830-4056-B5D6-AE9059741B20}.Release WIN64 Light|Any CPU.Build.0 = Release WIN64 Light|x86
		{81158C54-C830-4056-B5D6-AE9059741B20}.Release WIN64 Light|Mixed Platforms.ActiveCfg = Release WIN64 Light|x86
		{81158C54-C830-4056-B5D6-AE9059741B20}.Release WIN64 Light|Mixed Platforms.Build.0 = Release WIN64 Light|x86
		{81158C54-C830-4056-B5D6-AE9059741B20}.Release WIN64|Any CPU.ActiveCfg = Release|x86
		{81158C54-C830-4056-B5D6-AE9059741B20}.Release WIN64|Any CPU.Build.0 = Release|x86
		{81158C54-C830-4056-B5D6-AE9059741B20}.Release WIN64|Mixed Platforms.ActiveCfg = Release|x86
		{81158C54-C830-4056-B5D6-AE9059741B20}.Release WIN64|Mixed Platforms.Build.0 = Release|x86
		{81158C54-C830-4056-B5D6-AE9059741B20}.Release|Any CPU.ActiveCfg = Release|x86
		{81158C54-C830-4056-B5D6-AE9059741B20}.Release|Any CPU.Build.0 = Release|x86
		{81158C54-C830-4056-B5D6-AE9059741B20}.Release|Mixed Platforms.ActiveCfg = Release|x86
		{81158C54-C830-4056-B5D6-AE9059741B20}.Release|Mixed Platforms.Build.0 = Release|x86
	EndGlobalSection
	GlobalSection(SolutionProperties) = preSolution
		HideSolutionNode = FALSE
	EndGlobalSection
	GlobalSection(MonoDevelopProperties) = preSolution
		StartupItem = Examples\Examples.csproj
		Policies = $0
		$0.DotNetNamingPolicy = $1
		$1.DirectoryNamespaceAssociation = None
		$1.ResourceNamePolicy = FileFormatDefault
		$0.StandardHeader = $2
		$2.Text = 
		$2.IncludeInNewFiles = True
		$0.VersionControlPolicy = $3
		$3.inheritsSet = Mono
		$0.ChangeLogPolicy = $4
		$4.UpdateMode = None
		$4.MessageStyle = $5
		$5.LineAlign = 0
		$4.inheritsSet = Mono
	EndGlobalSection
EndGlobal
