
Microsoft Visual Studio Solution File, Format Version 12.00
# Visual Studio 14
VisualStudioVersion = 14.0.25420.1
MinimumVisualStudioVersion = 10.0.40219.1
Project("{FAE04EC0-301F-11D3-BF4B-00C04F79EFBC}") = "Examples", "Examples\Examples.csproj", "{81158C54-C830-4056-B5D6-AE9059741B20}"
EndProject
Project("{FAE04EC0-301F-11D3-BF4B-00C04F79EFBC}") = "SharpFont", "SharpFont\SharpFont.csproj", "{ECD55E3B-1139-4F0D-AF63-3F471AAF6E91}"
EndProject
Project("{FAE04EC0-301F-11D3-BF4B-00C04F79EFBC}") = "SharpFont.Gdi", "SharpFont.GDI\SharpFont.Gdi.csproj", "{544493F1-3A5C-4576-975B-06B63CE0175F}"
EndProject
Project("{FAE04EC0-301F-11D3-BF4B-00C04F79EFBC}") = "SharpFont.HarfBuzz", "SharpFont.HarfBuzz\SharpFont.HarfBuzz.csproj", "{31457A69-1EF3-4CDC-8741-6DE3DDB82D3B}"
EndProject
Project("{FAE04EC0-301F-11D3-BF4B-00C04F79EFBC}") = "SharpFont.HarfBuzz.Example", "SharpFont.HarfBuzz.Example\SharpFont.HarfBuzz.Example.csproj", "{1D488727-E222-43A2-BBBD-095F17A488C8}"
EndProject
Project("{2150E333-8FDC-42A3-9474-1A3956D46DE8}") = "HarfBuzz", "HarfBuzz", "{11A19A77-0E52-4BC0-A098-5FD64908EAFA}"
EndProject
Global
	GlobalSection(SolutionConfigurationPlatforms) = preSolution
		Debug|Any CPU = Debug|Any CPU
		Release|Any CPU = Release|Any CPU
		ReleaseNET20|Any CPU = ReleaseNET20|Any CPU
	EndGlobalSection
	GlobalSection(ProjectConfigurationPlatforms) = postSolution
		{81158C54-C830-4056-B5D6-AE9059741B20}.Debug|Any CPU.ActiveCfg = Debug|Any CPU
		{81158C54-C830-4056-B5D6-AE9059741B20}.Debug|Any CPU.Build.0 = Debug|Any CPU
		{81158C54-C830-4056-B5D6-AE9059741B20}.Release|Any CPU.ActiveCfg = Release|Any CPU
		{81158C54-C830-4056-B5D6-AE9059741B20}.Release|Any CPU.Build.0 = Release|Any CPU
		{81158C54-C830-4056-B5D6-AE9059741B20}.ReleaseNET20|Any CPU.ActiveCfg = ReleaseNET20|Any CPU
		{81158C54-C830-4056-B5D6-AE9059741B20}.ReleaseNET20|Any CPU.Build.0 = ReleaseNET20|Any CPU
		{ECD55E3B-1139-4F0D-AF63-3F471AAF6E91}.Debug|Any CPU.ActiveCfg = Debug|Any CPU
		{ECD55E3B-1139-4F0D-AF63-3F471AAF6E91}.Debug|Any CPU.Build.0 = Debug|Any CPU
		{ECD55E3B-1139-4F0D-AF63-3F471AAF6E91}.Release|Any CPU.ActiveCfg = Release|Any CPU
		{ECD55E3B-1139-4F0D-AF63-3F471AAF6E91}.Release|Any CPU.Build.0 = Release|Any CPU
		{ECD55E3B-1139-4F0D-AF63-3F471AAF6E91}.ReleaseNET20|Any CPU.ActiveCfg = ReleaseNET20|Any CPU
		{ECD55E3B-1139-4F0D-AF63-3F471AAF6E91}.ReleaseNET20|Any CPU.Build.0 = ReleaseNET20|Any CPU
		{544493F1-3A5C-4576-975B-06B63CE0175F}.Debug|Any CPU.ActiveCfg = Debug|Any CPU
		{544493F1-3A5C-4576-975B-06B63CE0175F}.Debug|Any CPU.Build.0 = Debug|Any CPU
		{544493F1-3A5C-4576-975B-06B63CE0175F}.Release|Any CPU.ActiveCfg = Release|Any CPU
		{544493F1-3A5C-4576-975B-06B63CE0175F}.Release|Any CPU.Build.0 = Release|Any CPU
		{544493F1-3A5C-4576-975B-06B63CE0175F}.ReleaseNET20|Any CPU.ActiveCfg = ReleaseNET20|Any CPU
		{544493F1-3A5C-4576-975B-06B63CE0175F}.ReleaseNET20|Any CPU.Build.0 = ReleaseNET20|Any CPU
		{31457A69-1EF3-4CDC-8741-6DE3DDB82D3B}.Debug|Any CPU.ActiveCfg = Debug|Any CPU
		{31457A69-1EF3-4CDC-8741-6DE3DDB82D3B}.Debug|Any CPU.Build.0 = Debug|Any CPU
		{31457A69-1EF3-4CDC-8741-6DE3DDB82D3B}.Release|Any CPU.ActiveCfg = Release|Any CPU
		{31457A69-1EF3-4CDC-8741-6DE3DDB82D3B}.Release|Any CPU.Build.0 = Release|Any CPU
		{31457A69-1EF3-4CDC-8741-6DE3DDB82D3B}.ReleaseNET20|Any CPU.ActiveCfg = Release|Any CPU
		{31457A69-1EF3-4CDC-8741-6DE3DDB82D3B}.ReleaseNET20|Any CPU.Build.0 = Release|Any CPU
		{1D488727-E222-43A2-BBBD-095F17A488C8}.Debug|Any CPU.ActiveCfg = Debug|Any CPU
		{1D488727-E222-43A2-BBBD-095F17A488C8}.Debug|Any CPU.Build.0 = Debug|Any CPU
		{1D488727-E222-43A2-BBBD-095F17A488C8}.Release|Any CPU.ActiveCfg = Release|Any CPU
		{1D488727-E222-43A2-BBBD-095F17A488C8}.Release|Any CPU.Build.0 = Release|Any CPU
		{1D488727-E222-43A2-BBBD-095F17A488C8}.ReleaseNET20|Any CPU.ActiveCfg = Release|Any CPU
		{1D488727-E222-43A2-BBBD-095F17A488C8}.ReleaseNET20|Any CPU.Build.0 = Release|Any CPU
	EndGlobalSection
	GlobalSection(SolutionProperties) = preSolution
		HideSolutionNode = FALSE
	EndGlobalSection
	GlobalSection(NestedProjects) = preSolution
		{31457A69-1EF3-4CDC-8741-6DE3DDB82D3B} = {11A19A77-0E52-4BC0-A098-5FD64908EAFA}
		{1D488727-E222-43A2-BBBD-095F17A488C8} = {11A19A77-0E52-4BC0-A098-5FD64908EAFA}
	EndGlobalSection
	GlobalSection(MonoDevelopProperties) = preSolution
		StartupItem = Examples\Examples.csproj
		Policies = $0
		$0.DotNetNamingPolicy = $1
		$1.DirectoryNamespaceAssociation = None
		$1.ResourceNamePolicy = FileFormatDefault
		$0.StandardHeader = $2
		$2.Text = 
		$2.IncludeInNewFiles = True
		$0.VersionControlPolicy = $3
		$3.inheritsSet = Mono
		$0.ChangeLogPolicy = $4
		$4.UpdateMode = None
		$4.MessageStyle = $5
		$5.LineAlign = 0
		$4.inheritsSet = Mono
	EndGlobalSection
EndGlobal
